
Microsoft Visual Studio Solution File, Format Version 12.00
# Visual Studio Version 17
VisualStudioVersion = 17.9.34701.34
MinimumVisualStudioVersion = 10.0.40219.1
Project("{9A19103F-16F7-4668-BE54-9A1E7A4F7556}") = "DistributedSolver.Host", "DistributedSolver.Host\DistributedSolver.Host.csproj", "{A7BE5082-1F37-454A-8ECC-E973767F9F04}"
EndProject
Project("{FAE04EC0-301F-11D3-BF4B-00C04F79EFBC}") = "DistributedSolver.ControlPanel", "DistributedSolver.ControlPanel\DistributedSolver.ControlPanel.csproj", "{8D7D3456-8630-4233-8F17-B9FF6B01CA39}"
EndProject
Project("{FAE04EC0-301F-11D3-BF4B-00C04F79EFBC}") = "DistributedSolver.Domain.Base", "DistributedSolver.Domain.Base\DistributedSolver.Domain.Base.csproj", "{C6B74902-41B4-4C97-B402-647EB5D59AE3}"
EndProject
Global
	GlobalSection(SolutionConfigurationPlatforms) = preSolution
		Debug|Any CPU = Debug|Any CPU
		Release|Any CPU = Release|Any CPU
	EndGlobalSection
	GlobalSection(ProjectConfigurationPlatforms) = postSolution
		{A7BE5082-1F37-454A-8ECC-E973767F9F04}.Debug|Any CPU.ActiveCfg = Debug|Any CPU
		{A7BE5082-1F37-454A-8ECC-E973767F9F04}.Debug|Any CPU.Build.0 = Debug|Any CPU
		{A7BE5082-1F37-454A-8ECC-E973767F9F04}.Release|Any CPU.ActiveCfg = Release|Any CPU
		{A7BE5082-1F37-454A-8ECC-E973767F9F04}.Release|Any CPU.Build.0 = Release|Any CPU
		{8D7D3456-8630-4233-8F17-B9FF6B01CA39}.Debug|Any CPU.ActiveCfg = Debug|Any CPU
		{8D7D3456-8630-4233-8F17-B9FF6B01CA39}.Debug|Any CPU.Build.0 = Debug|Any CPU
		{8D7D3456-8630-4233-8F17-B9FF6B01CA39}.Release|Any CPU.ActiveCfg = Release|Any CPU
		{8D7D3456-8630-4233-8F17-B9FF6B01CA39}.Release|Any CPU.Build.0 = Release|Any CPU
		{C6B74902-41B4-4C97-B402-647EB5D59AE3}.Debug|Any CPU.ActiveCfg = Debug|Any CPU
		{C6B74902-41B4-4C97-B402-647EB5D59AE3}.Debug|Any CPU.Build.0 = Debug|Any CPU
		{C6B74902-41B4-4C97-B402-647EB5D59AE3}.Release|Any CPU.ActiveCfg = Release|Any CPU
		{C6B74902-41B4-4C97-B402-647EB5D59AE3}.Release|Any CPU.Build.0 = Release|Any CPU
	EndGlobalSection
	GlobalSection(SolutionProperties) = preSolution
		HideSolutionNode = FALSE
	EndGlobalSection
	GlobalSection(ExtensibilityGlobals) = postSolution
		SolutionGuid = {9ECB269B-DD87-453D-B41B-E467C493BD80}
	EndGlobalSection
EndGlobal
